
Microsoft Visual Studio Solution File, Format Version 12.00
# Visual Studio Version 17
VisualStudioVersion = 17.13.36105.23 d17.13
MinimumVisualStudioVersion = 10.0.40219.1
Project("{FAE04EC0-301F-11D3-BF4B-00C04F79EFBC}") = "NetworkCommunication", "NetworkCommunication\NetworkCommunication.csproj", "{603AFCC1-DF38-4864-864B-0F604478963D}"
EndProject
Project("{FAE04EC0-301F-11D3-BF4B-00C04F79EFBC}") = "NetworkCommunicationTest", "NetworkCommunicationTest\NetworkCommunicationTest.csproj", "{EDE04045-A333-42BA-9888-0533E9C6D083}"
EndProject
Project("{FAE04EC0-301F-11D3-BF4B-00C04F79EFBC}") = "CentralMonitorGUI", "CentralMonitorGUI\CentralMonitorGUI.csproj", "{C165D3A0-735F-4E2F-BBB5-464A37213FBF}"
EndProject
Project("{FAE04EC0-301F-11D3-BF4B-00C04F79EFBC}") = "HealforceEcgFileDecoder", "HealforceEcgFileDecoder\HealforceEcgFileDecoder.csproj", "{F300CA4E-A8D1-4401-91E2-4AFCDD30B1A3}"
EndProject
Global
	GlobalSection(SolutionConfigurationPlatforms) = preSolution
		Debug|Any CPU = Debug|Any CPU
		Release|Any CPU = Release|Any CPU
	EndGlobalSection
	GlobalSection(ProjectConfigurationPlatforms) = postSolution
		{603AFCC1-DF38-4864-864B-0F604478963D}.Debug|Any CPU.ActiveCfg = Debug|Any CPU
		{603AFCC1-DF38-4864-864B-0F604478963D}.Debug|Any CPU.Build.0 = Debug|Any CPU
		{603AFCC1-DF38-4864-864B-0F604478963D}.Release|Any CPU.ActiveCfg = Release|Any CPU
		{603AFCC1-DF38-4864-864B-0F604478963D}.Release|Any CPU.Build.0 = Release|Any CPU
		{EDE04045-A333-42BA-9888-0533E9C6D083}.Debug|Any CPU.ActiveCfg = Debug|Any CPU
		{EDE04045-A333-42BA-9888-0533E9C6D083}.Debug|Any CPU.Build.0 = Debug|Any CPU
		{EDE04045-A333-42BA-9888-0533E9C6D083}.Release|Any CPU.ActiveCfg = Release|Any CPU
		{EDE04045-A333-42BA-9888-0533E9C6D083}.Release|Any CPU.Build.0 = Release|Any CPU
		{C165D3A0-735F-4E2F-BBB5-464A37213FBF}.Debug|Any CPU.ActiveCfg = Debug|Any CPU
		{C165D3A0-735F-4E2F-BBB5-464A37213FBF}.Debug|Any CPU.Build.0 = Debug|Any CPU
		{C165D3A0-735F-4E2F-BBB5-464A37213FBF}.Release|Any CPU.ActiveCfg = Release|Any CPU
		{C165D3A0-735F-4E2F-BBB5-464A37213FBF}.Release|Any CPU.Build.0 = Release|Any CPU
		{F300CA4E-A8D1-4401-91E2-4AFCDD30B1A3}.Debug|Any CPU.ActiveCfg = Debug|Any CPU
		{F300CA4E-A8D1-4401-91E2-4AFCDD30B1A3}.Debug|Any CPU.Build.0 = Debug|Any CPU
		{F300CA4E-A8D1-4401-91E2-4AFCDD30B1A3}.Release|Any CPU.ActiveCfg = Release|Any CPU
		{F300CA4E-A8D1-4401-91E2-4AFCDD30B1A3}.Release|Any CPU.Build.0 = Release|Any CPU
	EndGlobalSection
	GlobalSection(SolutionProperties) = preSolution
		HideSolutionNode = FALSE
	EndGlobalSection
	GlobalSection(ExtensibilityGlobals) = postSolution
		SolutionGuid = {4C4E858E-9C06-404D-A58E-F8A40C3FBFE1}
	EndGlobalSection
EndGlobal
